
Microsoft Visual Studio Solution File, Format Version 12.00
# Visual Studio Version 17
VisualStudioVersion = 17.1.32210.238
MinimumVisualStudioVersion = 10.0.40219.1
Project("{FAE04EC0-301F-11D3-BF4B-00C04F79EFBC}") = "Ex_Fixação_04", "Ex_Fixação_04\Ex_Fixação_04.csproj", "{4DF385A1-F5A3-4AE2-8F61-1BAFC9221ACE}"
EndProject
Global
	GlobalSection(SolutionConfigurationPlatforms) = preSolution
		Debug|Any CPU = Debug|Any CPU
		Release|Any CPU = Release|Any CPU
	EndGlobalSection
	GlobalSection(ProjectConfigurationPlatforms) = postSolution
		{4DF385A1-F5A3-4AE2-8F61-1BAFC9221ACE}.Debug|Any CPU.ActiveCfg = Debug|Any CPU
		{4DF385A1-F5A3-4AE2-8F61-1BAFC9221ACE}.Debug|Any CPU.Build.0 = Debug|Any CPU
		{4DF385A1-F5A3-4AE2-8F61-1BAFC9221ACE}.Release|Any CPU.ActiveCfg = Release|Any CPU
		{4DF385A1-F5A3-4AE2-8F61-1BAFC9221ACE}.Release|Any CPU.Build.0 = Release|Any CPU
	EndGlobalSection
	GlobalSection(SolutionProperties) = preSolution
		HideSolutionNode = FALSE
	EndGlobalSection
	GlobalSection(ExtensibilityGlobals) = postSolution
		SolutionGuid = {3A7688BE-FB53-4539-AE8E-C0DBAB7006C4}
	EndGlobalSection
EndGlobal
